// !$*UTF8*$!
{
	archiveVersion = 1;
	classes = {
	};
	objectVersion = 56;
	objects = {

/* Begin PBXBuildFile section */
		D757F9692A2DA9AB00C9FE08 /* AppDelegate.swift in Sources */ = {isa = PBXBuildFile; fileRef = D757F9682A2DA9AB00C9FE08 /* AppDelegate.swift */; };
		D757F96B2A2DA9AB00C9FE08 /* SceneDelegate.swift in Sources */ = {isa = PBXBuildFile; fileRef = D757F96A2A2DA9AB00C9FE08 /* SceneDelegate.swift */; };
		D757F96D2A2DA9AB00C9FE08 /* ViewController.swift in Sources */ = {isa = PBXBuildFile; fileRef = D757F96C2A2DA9AB00C9FE08 /* ViewController.swift */; };
		D757F9702A2DA9AB00C9FE08 /* Main.storyboard in Resources */ = {isa = PBXBuildFile; fileRef = D757F96E2A2DA9AB00C9FE08 /* Main.storyboard */; };
		D757F9722A2DA9AC00C9FE08 /* Assets.xcassets in Resources */ = {isa = PBXBuildFile; fileRef = D757F9712A2DA9AC00C9FE08 /* Assets.xcassets */; };
		D757F9752A2DA9AC00C9FE08 /* LaunchScreen.storyboard in Resources */ = {isa = PBXBuildFile; fileRef = D757F9732A2DA9AC00C9FE08 /* LaunchScreen.storyboard */; };
		D757F97D2A2DA9BB00C9FE08 /* Indicator.swift in Sources */ = {isa = PBXBuildFile; fileRef = D757F97C2A2DA9BB00C9FE08 /* Indicator.swift */; };
/* End PBXBuildFile section */

/* Begin PBXFileReference section */
		D757F9652A2DA9AB00C9FE08 /* typingIndicatorDemo.app */ = {isa = PBXFileReference; explicitFileType = wrapper.application; includeInIndex = 0; path = typingIndicatorDemo.app; sourceTree = BUILT_PRODUCTS_DIR; };
		D757F9682A2DA9AB00C9FE08 /* AppDelegate.swift */ = {isa = PBXFileReference; lastKnownFileType = sourcecode.swift; path = AppDelegate.swift; sourceTree = "<group>"; };
		D757F96A2A2DA9AB00C9FE08 /* SceneDelegate.swift */ = {isa = PBXFileReference; lastKnownFileType = sourcecode.swift; path = SceneDelegate.swift; sourceTree = "<group>"; };
		D757F96C2A2DA9AB00C9FE08 /* ViewController.swift */ = {isa = PBXFileReference; lastKnownFileType = sourcecode.swift; path = ViewController.swift; sourceTree = "<group>"; };
		D757F96F2A2DA9AB00C9FE08 /* Base */ = {isa = PBXFileReference; lastKnownFileType = file.storyboard; name = Base; path = Base.lproj/Main.storyboard; sourceTree = "<group>"; };
		D757F9712A2DA9AC00C9FE08 /* Assets.xcassets */ = {isa = PBXFileReference; lastKnownFileType = folder.assetcatalog; path = Assets.xcassets; sourceTree = "<group>"; };
		D757F9742A2DA9AC00C9FE08 /* Base */ = {isa = PBXFileReference; lastKnownFileType = file.storyboard; name = Base; path = Base.lproj/LaunchScreen.storyboard; sourceTree = "<group>"; };
		D757F9762A2DA9AC00C9FE08 /* Info.plist */ = {isa = PBXFileReference; lastKnownFileType = text.plist.xml; path = Info.plist; sourceTree = "<group>"; };
		D757F97C2A2DA9BB00C9FE08 /* Indicator.swift */ = {isa = PBXFileReference; lastKnownFileType = sourcecode.swift; path = Indicator.swift; sourceTree = "<group>"; };
/* End PBXFileReference section */

/* Begin PBXFrameworksBuildPhase section */
		D757F9622A2DA9AB00C9FE08 /* Frameworks */ = {
			isa = PBXFrameworksBuildPhase;
			buildActionMask = 2147483647;
			files = (
			);
			runOnlyForDeploymentPostprocessing = 0;
		};
/* End PBXFrameworksBuildPhase section */

/* Begin PBXGroup section */
		D757F95C2A2DA9AB00C9FE08 = {
			isa = PBXGroup;
			children = (
				D757F9672A2DA9AB00C9FE08 /* typingIndicatorDemo */,
				D757F9662A2DA9AB00C9FE08 /* Products */,
			);
			sourceTree = "<group>";
		};
		D757F9662A2DA9AB00C9FE08 /* Products */ = {
			isa = PBXGroup;
			children = (
				D757F9652A2DA9AB00C9FE08 /* typingIndicatorDemo.app */,
			);
			name = Products;
			sourceTree = "<group>";
		};
		D757F9672A2DA9AB00C9FE08 /* typingIndicatorDemo */ = {
			isa = PBXGroup;
			children = (
				D757F9682A2DA9AB00C9FE08 /* AppDelegate.swift */,
				D757F96A2A2DA9AB00C9FE08 /* SceneDelegate.swift */,
				D757F96C2A2DA9AB00C9FE08 /* ViewController.swift */,
				D757F96E2A2DA9AB00C9FE08 /* Main.storyboard */,
				D757F9712A2DA9AC00C9FE08 /* Assets.xcassets */,
				D757F9732A2DA9AC00C9FE08 /* LaunchScreen.storyboard */,
				D757F9762A2DA9AC00C9FE08 /* Info.plist */,
				D757F97C2A2DA9BB00C9FE08 /* Indicator.swift */,
			);
			path = typingIndicatorDemo;
			sourceTree = "<group>";
		};
/* End PBXGroup section */

/* Begin PBXNativeTarget section */
		D757F9642A2DA9AB00C9FE08 /* typingIndicatorDemo */ = {
			isa = PBXNativeTarget;
			buildConfigurationList = D757F9792A2DA9AC00C9FE08 /* Build configuration list for PBXNativeTarget "typingIndicatorDemo" */;
			buildPhases = (
				D757F9612A2DA9AB00C9FE08 /* Sources */,
				D757F9622A2DA9AB00C9FE08 /* Frameworks */,
				D757F9632A2DA9AB00C9FE08 /* Resources */,
			);
			buildRules = (
			);
			dependencies = (
			);
			name = typingIndicatorDemo;
			productName = typingIndicatorDemo;
			productReference = D757F9652A2DA9AB00C9FE08 /* typingIndicatorDemo.app */;
			productType = "com.apple.product-type.application";
		};
/* End PBXNativeTarget section */

/* Begin PBXProject section */
		D757F95D2A2DA9AB00C9FE08 /* Project object */ = {
			isa = PBXProject;
			attributes = {
				BuildIndependentTargetsInParallel = 1;
				LastSwiftUpdateCheck = 1430;
				LastUpgradeCheck = 1430;
				TargetAttributes = {
					D757F9642A2DA9AB00C9FE08 = {
						CreatedOnToolsVersion = 14.3;
					};
				};
			};
			buildConfigurationList = D757F9602A2DA9AB00C9FE08 /* Build configuration list for PBXProject "typingIndicatorDemo" */;
			compatibilityVersion = "Xcode 14.0";
			developmentRegion = en;
			hasScannedForEncodings = 0;
			knownRegions = (
				en,
				Base,
			);
			mainGroup = D757F95C2A2DA9AB00C9FE08;
			productRefGroup = D757F9662A2DA9AB00C9FE08 /* Products */;
			projectDirPath = "";
			projectRoot = "";
			targets = (
				D757F9642A2DA9AB00C9FE08 /* typingIndicatorDemo */,
			);
		};
/* End PBXProject section */

/* Begin PBXResourcesBuildPhase section */
		D757F9632A2DA9AB00C9FE08 /* Resources */ = {
			isa = PBXResourcesBuildPhase;
			buildActionMask = 2147483647;
			files = (
				D757F9752A2DA9AC00C9FE08 /* LaunchScreen.storyboard in Resources */,
				D757F9722A2DA9AC00C9FE08 /* Assets.xcassets in Resources */,
				D757F9702A2DA9AB00C9FE08 /* Main.storyboard in Resources */,
			);
			runOnlyForDeploymentPostprocessing = 0;
		};
/* End PBXResourcesBuildPhase section */

/* Begin PBXSourcesBuildPhase section */
		D757F9612A2DA9AB00C9FE08 /* Sources */ = {
			isa = PBXSourcesBuildPhase;
			buildActionMask = 2147483647;
			files = (
				D757F96D2A2DA9AB00C9FE08 /* ViewController.swift in Sources */,
				D757F9692A2DA9AB00C9FE08 /* AppDelegate.swift in Sources */,
				D757F96B2A2DA9AB00C9FE08 /* SceneDelegate.swift in Sources */,
				D757F97D2A2DA9BB00C9FE08 /* Indicator.swift in Sources */,
			);
			runOnlyForDeploymentPostprocessing = 0;
		};
/* End PBXSourcesBuildPhase section */

/* Begin PBXVariantGroup section */
		D757F96E2A2DA9AB00C9FE08 /* Main.storyboard */ = {
			isa = PBXVariantGroup;
			children = (
				D757F96F2A2DA9AB00C9FE08 /* Base */,
			);
			name = Main.storyboard;
			sourceTree = "<group>";
		};
		D757F9732A2DA9AC00C9FE08 /* LaunchScreen.storyboard */ = {
			isa = PBXVariantGroup;
			children = (
				D757F9742A2DA9AC00C9FE08 /* Base */,
			);
			name = LaunchScreen.storyboard;
			sourceTree = "<group>";
		};
/* End PBXVariantGroup section */

/* Begin XCBuildConfiguration section */
		D757F9772A2DA9AC00C9FE08 /* Debug */ = {
			isa = XCBuildConfiguration;
			buildSettings = {
				ALWAYS_SEARCH_USER_PATHS = NO;
				CLANG_ANALYZER_NONNULL = YES;
				CLANG_ANALYZER_NUMBER_OBJECT_CONVERSION = YES_AGGRESSIVE;
				CLANG_CXX_LANGUAGE_STANDARD = "gnu++20";
				CLANG_ENABLE_MODULES = YES;
				CLANG_ENABLE_OBJC_ARC = YES;
				CLANG_ENABLE_OBJC_WEAK = YES;
				CLANG_WARN_BLOCK_CAPTURE_AUTORELEASING = YES;
				CLANG_WARN_BOOL_CONVERSION = YES;
				CLANG_WARN_COMMA = YES;
				CLANG_WARN_CONSTANT_CONVERSION = YES;
				CLANG_WARN_DEPRECATED_OBJC_IMPLEMENTATIONS = YES;
				CLANG_WARN_DIRECT_OBJC_ISA_USAGE = YES_ERROR;
				CLANG_WARN_DOCUMENTATION_COMMENTS = YES;
				CLANG_WARN_EMPTY_BODY = YES;
				CLANG_WARN_ENUM_CONVERSION = YES;
				CLANG_WARN_INFINITE_RECURSION = YES;
				CLANG_WARN_INT_CONVERSION = YES;
				CLANG_WARN_NON_LITERAL_NULL_CONVERSION = YES;
				CLANG_WARN_OBJC_IMPLICIT_RETAIN_SELF = YES;
				CLANG_WARN_OBJC_LITERAL_CONVERSION = YES;
				CLANG_WARN_OBJC_ROOT_CLASS = YES_ERROR;
				CLANG_WARN_QUOTED_INCLUDE_IN_FRAMEWORK_HEADER = YES;
				CLANG_WARN_RANGE_LOOP_ANALYSIS = YES;
				CLANG_WARN_STRICT_PROTOTYPES = YES;
				CLANG_WARN_SUSPICIOUS_MOVE = YES;
				CLANG_WARN_UNGUARDED_AVAILABILITY = YES_AGGRESSIVE;
				CLANG_WARN_UNREACHABLE_CODE = YES;
				CLANG_WARN__DUPLICATE_METHOD_MATCH = YES;
				COPY_PHASE_STRIP = NO;
				DEBUG_INFORMATION_FORMAT = dwarf;
				ENABLE_STRICT_OBJC_MSGSEND = YES;
				ENABLE_TESTABILITY = YES;
				GCC_C_LANGUAGE_STANDARD = gnu11;
				GCC_DYNAMIC_NO_PIC = NO;
				GCC_NO_COMMON_BLOCKS = YES;
				GCC_OPTIMIZATION_LEVEL = 0;
				GCC_PREPROCESSOR_DEFINITIONS = (
					"DEBUG=1",
					"$(inherited)",
				);
				GCC_WARN_64_TO_32_BIT_CONVERSION = YES;
				GCC_WARN_ABOUT_RETURN_TYPE = YES_ERROR;
				GCC_WARN_UNDECLARED_SELECTOR = YES;
				GCC_WARN_UNINITIALIZED_AUTOS = YES_AGGRESSIVE;
				GCC_WARN_UNUSED_FUNCTION = YES;
				GCC_WARN_UNUSED_VARIABLE = YES;
				IPHONEOS_DEPLOYMENT_TARGET = 16.4;
				MTL_ENABLE_DEBUG_INFO = INCLUDE_SOURCE;
				MTL_FAST_MATH = YES;
				ONLY_ACTIVE_ARCH = YES;
				SDKROOT = iphoneos;
				SWIFT_ACTIVE_COMPILATION_CONDITIONS = DEBUG;
				SWIFT_OPTIMIZATION_LEVEL = "-Onone";
			};
			name = Debug;
		};
		D757F9782A2DA9AC00C9FE08 /* Release */ = {
			isa = XCBuildConfiguration;
			buildSettings = {
				ALWAYS_SEARCH_USER_PATHS = NO;
				CLANG_ANALYZER_NONNULL = YES;
				CLANG_ANALYZER_NUMBER_OBJECT_CONVERSION = YES_AGGRESSIVE;
				CLANG_CXX_LANGUAGE_STANDARD = "gnu++20";
				CLANG_ENABLE_MODULES = YES;
				CLANG_ENABLE_OBJC_ARC = YES;
				CLANG_ENABLE_OBJC_WEAK = YES;
				CLANG_WARN_BLOCK_CAPTURE_AUTORELEASING = YES;
				CLANG_WARN_BOOL_CONVERSION = YES;
				CLANG_WARN_COMMA = YES;
				CLANG_WARN_CONSTANT_CONVERSION = YES;
				CLANG_WARN_DEPRECATED_OBJC_IMPLEMENTATIONS = YES;
				CLANG_WARN_DIRECT_OBJC_ISA_USAGE = YES_ERROR;
				CLANG_WARN_DOCUMENTATION_COMMENTS = YES;
				CLANG_WARN_EMPTY_BODY = YES;
				CLANG_WARN_ENUM_CONVERSION = YES;
				CLANG_WARN_INFINITE_RECURSION = YES;
				CLANG_WARN_INT_CONVERSION = YES;
				CLANG_WARN_NON_LITERAL_NULL_CONVERSION = YES;
				CLANG_WARN_OBJC_IMPLICIT_RETAIN_SELF = YES;
				CLANG_WARN_OBJC_LITERAL_CONVERSION = YES;
				CLANG_WARN_OBJC_ROOT_CLASS = YES_ERROR;
				CLANG_WARN_QUOTED_INCLUDE_IN_FRAMEWORK_HEADER = YES;
				CLANG_WARN_RANGE_LOOP_ANALYSIS = YES;
				CLANG_WARN_STRICT_PROTOTYPES = YES;
				CLANG_WARN_SUSPICIOUS_MOVE = YES;
				CLANG_WARN_UNGUARDED_AVAILABILITY = YES_AGGRESSIVE;
				CLANG_WARN_UNREACHABLE_CODE = YES;
				CLANG_WARN__DUPLICATE_METHOD_MATCH = YES;
				COPY_PHASE_STRIP = NO;
				DEBUG_INFORMATION_FORMAT = "dwarf-with-dsym";
				ENABLE_NS_ASSERTIONS = NO;
				ENABLE_STRICT_OBJC_MSGSEND = YES;
				GCC_C_LANGUAGE_STANDARD = gnu11;
				GCC_NO_COMMON_BLOCKS = YES;
				GCC_WARN_64_TO_32_BIT_CONVERSION = YES;
				GCC_WARN_ABOUT_RETURN_TYPE = YES_ERROR;
				GCC_WARN_UNDECLARED_SELECTOR = YES;
				GCC_WARN_UNINITIALIZED_AUTOS = YES_AGGRESSIVE;
				GCC_WARN_UNUSED_FUNCTION = YES;
				GCC_WARN_UNUSED_VARIABLE = YES;
				IPHONEOS_DEPLOYMENT_TARGET = 16.4;
				MTL_ENABLE_DEBUG_INFO = NO;
				MTL_FAST_MATH = YES;
				SDKROOT = iphoneos;
				SWIFT_COMPILATION_MODE = wholemodule;
				SWIFT_OPTIMIZATION_LEVEL = "-O";
				VALIDATE_PRODUCT = YES;
			};
			name = Release;
		};
		D757F97A2A2DA9AC00C9FE08 /* Debug */ = {
			isa = XCBuildConfiguration;
			buildSettings = {
				ASSETCATALOG_COMPILER_APPICON_NAME = AppIcon;
				ASSETCATALOG_COMPILER_GLOBAL_ACCENT_COLOR_NAME = AccentColor;
				CODE_SIGN_STYLE = Automatic;
				CURRENT_PROJECT_VERSION = 1;
				DEVELOPMENT_TEAM = RA86KDCJ49;
				GENERATE_INFOPLIST_FILE = YES;
				INFOPLIST_FILE = typingIndicatorDemo/Info.plist;
				INFOPLIST_KEY_UIApplicationSupportsIndirectInputEvents = YES;
				INFOPLIST_KEY_UILaunchStoryboardName = LaunchScreen;
				INFOPLIST_KEY_UIMainStoryboardFile = Main;
				INFOPLIST_KEY_UISupportedInterfaceOrientations_iPad = "UIInterfaceOrientationPortrait UIInterfaceOrientationPortraitUpsideDown UIInterfaceOrientationLandscapeLeft UIInterfaceOrientationLandscapeRight";
				INFOPLIST_KEY_UISupportedInterfaceOrientations_iPhone = "UIInterfaceOrientationPortrait UIInterfaceOrientationLandscapeLeft UIInterfaceOrientationLandscapeRight";
				LD_RUNPATH_SEARCH_PATHS = (
					"$(inherited)",
					"@executable_path/Frameworks",
				);
				MARKETING_VERSION = 1.0;
				PRODUCT_BUNDLE_IDENTIFIER = com.ios.richnotifications.typingIndicatorDemo;
				PRODUCT_NAME = "$(TARGET_NAME)";
				SWIFT_EMIT_LOC_STRINGS = YES;
				SWIFT_VERSION = 5.0;
				TARGETED_DEVICE_FAMILY = "1,2";
			};
			name = Debug;
		};
		D757F97B2A2DA9AC00C9FE08 /* Release */ = {
			isa = XCBuildConfiguration;
			buildSettings = {
				ASSETCATALOG_COMPILER_APPICON_NAME = AppIcon;
				ASSETCATALOG_COMPILER_GLOBAL_ACCENT_COLOR_NAME = AccentColor;
				CODE_SIGN_STYLE = Automatic;
				CURRENT_PROJECT_VERSION = 1;
				DEVELOPMENT_TEAM = RA86KDCJ49;
				GENERATE_INFOPLIST_FILE = YES;
				INFOPLIST_FILE = typingIndicatorDemo/Info.plist;
				INFOPLIST_KEY_UIApplicationSupportsIndirectInputEvents = YES;
				INFOPLIST_KEY_UILaunchStoryboardName = LaunchScreen;
				INFOPLIST_KEY_UIMainStoryboardFile = Main;
				INFOPLIST_KEY_UISupportedInterfaceOrientations_iPad = "UIInterfaceOrientationPortrait UIInterfaceOrientationPortraitUpsideDown UIInterfaceOrientationLandscapeLeft UIInterfaceOrientationLandscapeRight";
				INFOPLIST_KEY_UISupportedInterfaceOrientations_iPhone = "UIInterfaceOrientationPortrait UIInterfaceOrientationLandscapeLeft UIInterfaceOrientationLandscapeRight";
				LD_RUNPATH_SEARCH_PATHS = (
					"$(inherited)",
					"@executable_path/Frameworks",
				);
				MARKETING_VERSION = 1.0;
				PRODUCT_BUNDLE_IDENTIFIER = com.ios.richnotifications.typingIndicatorDemo;
				PRODUCT_NAME = "$(TARGET_NAME)";
				SWIFT_EMIT_LOC_STRINGS = YES;
				SWIFT_VERSION = 5.0;
				TARGETED_DEVICE_FAMILY = "1,2";
			};
			name = Release;
		};
/* End XCBuildConfiguration section */

/* Begin XCConfigurationList section */
		D757F9602A2DA9AB00C9FE08 /* Build configuration list for PBXProject "typingIndicatorDemo" */ = {
			isa = XCConfigurationList;
			buildConfigurations = (
				D757F9772A2DA9AC00C9FE08 /* Debug */,
				D757F9782A2DA9AC00C9FE08 /* Release */,
			);
			defaultConfigurationIsVisible = 0;
			defaultConfigurationName = Release;
		};
		D757F9792A2DA9AC00C9FE08 /* Build configuration list for PBXNativeTarget "typingIndicatorDemo" */ = {
			isa = XCConfigurationList;
			buildConfigurations = (
				D757F97A2A2DA9AC00C9FE08 /* Debug */,
				D757F97B2A2DA9AC00C9FE08 /* Release */,
			);
			defaultConfigurationIsVisible = 0;
			defaultConfigurationName = Release;
		};
/* End XCConfigurationList section */
	};
	rootObject = D757F95D2A2DA9AB00C9FE08 /* Project object */;
}
